
Microsoft Visual Studio Solution File, Format Version 12.00
# Visual Studio Version 16
VisualStudioVersion = 16.0.30503.244
MinimumVisualStudioVersion = 10.0.40219.1
Project("{9A19103F-16F7-4668-BE54-9A1E7A4F7556}") = "SalesTransaction.Application.Web", "SalesTransaction.Application.Web.csproj", "{C062089A-6EF2-4660-A97E-992F2F242642}"
EndProject
Project("{9A19103F-16F7-4668-BE54-9A1E7A4F7556}") = "SalesTransaction.Application.WebApi", "..\SalesTransaction.Application.WebApi\SalesTransaction.Application.WebApi.csproj", "{68011D2B-DC71-43AA-BAAA-5CEAED200F28}"
	ProjectSection(ProjectDependencies) = postProject
		{627B9500-C639-469F-B083-C6FCE77227DE} = {627B9500-C639-469F-B083-C6FCE77227DE}
		{560F0E71-0091-49CF-8610-F884ED51DBC1} = {560F0E71-0091-49CF-8610-F884ED51DBC1}
	EndProjectSection
EndProject
Project("{9A19103F-16F7-4668-BE54-9A1E7A4F7556}") = "SalesTransaction.Application.DataAccess", "..\SalesTransaction.Application.DataAccess\SalesTransaction.Application.DataAccess.csproj", "{3929F7D2-90FF-4864-8074-FB933EC38627}"
EndProject
Project("{9A19103F-16F7-4668-BE54-9A1E7A4F7556}") = "SalesTransaction.Application.Model", "..\SalesTransaction.Application.Model\SalesTransaction.Application.Model.csproj", "{627B9500-C639-469F-B083-C6FCE77227DE}"
EndProject
Project("{9A19103F-16F7-4668-BE54-9A1E7A4F7556}") = "SalesTransaction.Application.Service", "..\SalesTransaction.Application.Service\SalesTransaction.Application.Service.csproj", "{560F0E71-0091-49CF-8610-F884ED51DBC1}"
	ProjectSection(ProjectDependencies) = postProject
		{627B9500-C639-469F-B083-C6FCE77227DE} = {627B9500-C639-469F-B083-C6FCE77227DE}
	EndProjectSection
EndProject
Global
	GlobalSection(SolutionConfigurationPlatforms) = preSolution
		Debug|Any CPU = Debug|Any CPU
		Release|Any CPU = Release|Any CPU
	EndGlobalSection
	GlobalSection(ProjectConfigurationPlatforms) = postSolution
		{C062089A-6EF2-4660-A97E-992F2F242642}.Debug|Any CPU.ActiveCfg = Debug|Any CPU
		{C062089A-6EF2-4660-A97E-992F2F242642}.Debug|Any CPU.Build.0 = Debug|Any CPU
		{C062089A-6EF2-4660-A97E-992F2F242642}.Release|Any CPU.ActiveCfg = Release|Any CPU
		{C062089A-6EF2-4660-A97E-992F2F242642}.Release|Any CPU.Build.0 = Release|Any CPU
		{68011D2B-DC71-43AA-BAAA-5CEAED200F28}.Debug|Any CPU.ActiveCfg = Debug|Any CPU
		{68011D2B-DC71-43AA-BAAA-5CEAED200F28}.Debug|Any CPU.Build.0 = Debug|Any CPU
		{68011D2B-DC71-43AA-BAAA-5CEAED200F28}.Release|Any CPU.ActiveCfg = Release|Any CPU
		{68011D2B-DC71-43AA-BAAA-5CEAED200F28}.Release|Any CPU.Build.0 = Release|Any CPU
		{3929F7D2-90FF-4864-8074-FB933EC38627}.Debug|Any CPU.ActiveCfg = Debug|Any CPU
		{3929F7D2-90FF-4864-8074-FB933EC38627}.Debug|Any CPU.Build.0 = Debug|Any CPU
		{3929F7D2-90FF-4864-8074-FB933EC38627}.Release|Any CPU.ActiveCfg = Release|Any CPU
		{3929F7D2-90FF-4864-8074-FB933EC38627}.Release|Any CPU.Build.0 = Release|Any CPU
		{627B9500-C639-469F-B083-C6FCE77227DE}.Debug|Any CPU.ActiveCfg = Debug|Any CPU
		{627B9500-C639-469F-B083-C6FCE77227DE}.Debug|Any CPU.Build.0 = Debug|Any CPU
		{627B9500-C639-469F-B083-C6FCE77227DE}.Release|Any CPU.ActiveCfg = Release|Any CPU
		{627B9500-C639-469F-B083-C6FCE77227DE}.Release|Any CPU.Build.0 = Release|Any CPU
		{560F0E71-0091-49CF-8610-F884ED51DBC1}.Debug|Any CPU.ActiveCfg = Debug|Any CPU
		{560F0E71-0091-49CF-8610-F884ED51DBC1}.Debug|Any CPU.Build.0 = Debug|Any CPU
		{560F0E71-0091-49CF-8610-F884ED51DBC1}.Release|Any CPU.ActiveCfg = Release|Any CPU
		{560F0E71-0091-49CF-8610-F884ED51DBC1}.Release|Any CPU.Build.0 = Release|Any CPU
	EndGlobalSection
	GlobalSection(SolutionProperties) = preSolution
		HideSolutionNode = FALSE
	EndGlobalSection
	GlobalSection(ExtensibilityGlobals) = postSolution
		SolutionGuid = {397B7021-4693-46F8-B073-E6EA9816DDB9}
	EndGlobalSection
EndGlobal
